{
  "name": "@domonda/form",
  "version": "2.2.2",
  "lockfileVersion": 1,
  "requires": true,
  "dependencies": {
    "@domonda/plumb": {
      "version": "2.2.4",
      "resolved": "https://registry.npmjs.org/@domonda/plumb/-/plumb-2.2.4.tgz",
      "integrity": "sha512-TfVufe7rD3c03uD+rkAaEHpxsIpbOr9++J6frt1KQjeCCm7mvPbJafVVPRQH0h6184vuZF9gWTqim32E5CRjIA=="
    },
    "@types/lodash": {
      "version": "4.14.149",
      "resolved": "https://registry.npmjs.org/@types/lodash/-/lodash-4.14.149.tgz",
      "integrity": "sha512-ijGqzZt/b7BfzcK9vTrS6MFljQRPn5BFWOx8oE0GYxribu6uV+aA9zZuXI1zc/etK9E8nrgdoF2+LgUw7+9tJQ==",
      "dev": true
    },
    "fast-equals": {
      "version": "2.0.0",
      "resolved": "https://registry.npmjs.org/fast-equals/-/fast-equals-2.0.0.tgz",
      "integrity": "sha512-u6RBd8cSiLLxAiC04wVsLV6GBFDOXcTCgWkd3wEoFXgidPSoAJENqC9m7Jb2vewSvjBIfXV6icKeh3GTKfIaXA=="
    },
    "lodash.get": {
      "version": "4.4.2",
      "resolved": "https://registry.npmjs.org/lodash.get/-/lodash.get-4.4.2.tgz",
      "integrity": "sha1-LRd/ZS+jHpObRDjVNBSZ36OCXpk="
    },
    "lodash.omit": {
      "version": "4.5.0",
      "resolved": "https://registry.npmjs.org/lodash.omit/-/lodash.omit-4.5.0.tgz",
      "integrity": "sha1-brGa5aHuHdnfC5aeZs4Lf6MLXmA="
    },
    "lodash.setwith": {
      "version": "4.3.2",
      "resolved": "https://registry.npmjs.org/lodash.setwith/-/lodash.setwith-4.3.2.tgz",
      "integrity": "sha1-G8wFfmLZD1prm5Rwriq52J7djm8="
    }
  }
}
